
Microsoft Visual Studio Solution File, Format Version 12.00
# Visual Studio Version 16
VisualStudioVersion = 16.0.31515.178
MinimumVisualStudioVersion = 10.0.40219.1
Project("{FAE04EC0-301F-11D3-BF4B-00C04F79EFBC}") = "MiddlewareDemo", "MiddlewareDemo\MiddlewareDemo.csproj", "{30C2E630-70D8-4707-A47D-72353D668FFC}"
EndProject
Global
	GlobalSection(SolutionConfigurationPlatforms) = preSolution
		Debug|Any CPU = Debug|Any CPU
		Release|Any CPU = Release|Any CPU
	EndGlobalSection
	GlobalSection(ProjectConfigurationPlatforms) = postSolution
		{30C2E630-70D8-4707-A47D-72353D668FFC}.Debug|Any CPU.ActiveCfg = Debug|Any CPU
		{30C2E630-70D8-4707-A47D-72353D668FFC}.Debug|Any CPU.Build.0 = Debug|Any CPU
		{30C2E630-70D8-4707-A47D-72353D668FFC}.Release|Any CPU.ActiveCfg = Release|Any CPU
		{30C2E630-70D8-4707-A47D-72353D668FFC}.Release|Any CPU.Build.0 = Release|Any CPU
	EndGlobalSection
	GlobalSection(SolutionProperties) = preSolution
		HideSolutionNode = FALSE
	EndGlobalSection
	GlobalSection(ExtensibilityGlobals) = postSolution
		SolutionGuid = {6EC8AEAB-DA15-4B39-8691-20D329B1BABB}
	EndGlobalSection
EndGlobal
